
Microsoft Visual Studio Solution File, Format Version 12.00
# Visual Studio Version 16
VisualStudioVersion = 16.0.29920.165
MinimumVisualStudioVersion = 10.0.40219.1
Project("{FAE04EC0-301F-11D3-BF4B-00C04F79EFBC}") = "mathconsoleapp", "mathconsoleapp.csproj", "{30FDD32D-E285-4989-90F6-D3E174816568}"
EndProject
Global
	GlobalSection(SolutionConfigurationPlatforms) = preSolution
		Debug|Any CPU = Debug|Any CPU
		Release|Any CPU = Release|Any CPU
	EndGlobalSection
	GlobalSection(ProjectConfigurationPlatforms) = postSolution
		{30FDD32D-E285-4989-90F6-D3E174816568}.Debug|Any CPU.ActiveCfg = Debug|Any CPU
		{30FDD32D-E285-4989-90F6-D3E174816568}.Debug|Any CPU.Build.0 = Debug|Any CPU
		{30FDD32D-E285-4989-90F6-D3E174816568}.Release|Any CPU.ActiveCfg = Release|Any CPU
		{30FDD32D-E285-4989-90F6-D3E174816568}.Release|Any CPU.Build.0 = Release|Any CPU
	EndGlobalSection
	GlobalSection(SolutionProperties) = preSolution
		HideSolutionNode = FALSE
	EndGlobalSection
	GlobalSection(ExtensibilityGlobals) = postSolution
		SolutionGuid = {4C726703-341A-4AB9-8B44-AED9A0EEF305}
	EndGlobalSection
EndGlobal
